{
  "version": 4,
  "terraform_version": "0.14.6",
  "serial": 140,
  "lineage": "e8fd9326-8a62-7a32-3ae0-fd339ca94f0b",
  "outputs": {},
  "resources": [
    {
      "mode": "managed",
      "type": "azurerm_linux_virtual_machine",
      "name": "myVM1",
      "provider": "provider[\"registry.terraform.io/hashicorp/azurerm\"]",
      "instances": [
        {
          "index_key": 0,
          "schema_version": 0,
          "attributes": {
            "additional_capabilities": [],
            "admin_password": null,
            "admin_ssh_key": [
              {
                "public_key": "ssh-rsa AAAAB3NzaC1yc2EAAAADAQABAAABgQDtVWovcA9YVmoBcJCIpVQvVqNCsAdMGN5szZd4ax9Hd++G1q1jrRmkdpQG6MxIuozgJEBa4XUsfH1r07oJEEDVeUFf90PBhDrsZ4FOoljnvlLlQUwYLXXdoSIQSJaSsx6wZ5fRSG7BAgTYJR/RF+iIGGpxaowvM1i5AWd30NLjytYaqxnYlfmX1kZJcS6gKgXD97d3sjdhd2fHW9evtkcx7RgUnu9ua0Jf9QT1CNNqfU1EdOJBfJhda43a3vO3xiX8puA5e2BP7f/ur4V7sC6r5u+gqqGWqMZu31Ca0Ye0Sp66Z/enDAHFVCkhczUvWHD86X/nxlMyaNuy6dGCXqALYXl34yqcADdG4QfFRSpjFzgqDGmS3XYi/WHP49ZkUp2L+0IDnVLTgCMI9eT/AuRbb68aP8bFv4668PR8zcxqMg8csHFqeWUjAUZJME9VdOrLpsftDmLAJ7leYH1jGamagLoZPEHqp5P4eof7XyOvYAgZRVKVrfMVdAZaBkKkZ08= ansible@ansible.local\n",
                "username": "adminUsername"
              }
            ],
            "admin_username": "adminUsername",
            "allow_extension_operations": true,
            "availability_set_id": "",
            "boot_diagnostics": [],
            "computer_name": "master-azure-vm",
            "custom_data": null,
            "dedicated_host_id": "",
            "disable_password_authentication": true,
            "encryption_at_host_enabled": false,
            "eviction_policy": "",
            "extensions_time_budget": "PT1H30M",
            "id": "/subscriptions/e9ed82d3-7ff7-460d-bf08-38cbabc62695/resourceGroups/kubernetes_rg_asanton/providers/Microsoft.Compute/virtualMachines/master-azure-vm",
            "identity": [],
            "location": "westeurope",
            "max_bid_price": -1,
            "name": "master-azure-vm",
            "network_interface_ids": [
              "/subscriptions/e9ed82d3-7ff7-460d-bf08-38cbabc62695/resourceGroups/kubernetes_rg_asanton/providers/Microsoft.Network/networkInterfaces/nic-master"
            ],
            "os_disk": [
              {
                "caching": "ReadWrite",
                "diff_disk_settings": [],
                "disk_encryption_set_id": "",
                "disk_size_gb": 30,
                "name": "master-azure-vm_OsDisk_1_ab88cb4c2cb241b59c5af28ba26268c2",
                "storage_account_type": "Standard_LRS",
                "write_accelerator_enabled": false
              }
            ],
            "plan": [
              {
                "name": "centos-8-stream-free",
                "product": "centos-8-stream-free",
                "publisher": "cognosys"
              }
            ],
            "priority": "Regular",
            "private_ip_address": "10.0.1.10",
            "private_ip_addresses": [
              "10.0.1.10"
            ],
            "provision_vm_agent": true,
            "proximity_placement_group_id": "",
            "public_ip_address": "40.114.223.171",
            "public_ip_addresses": [
              "40.114.223.171"
            ],
            "resource_group_name": "kubernetes_rg_asanton",
            "secret": [],
            "size": "Standard_D1_v2",
            "source_image_id": "",
            "source_image_reference": [
              {
                "offer": "centos-8-stream-free",
                "publisher": "cognosys",
                "sku": "centos-8-stream-free",
                "version": "1.2019.0810"
              }
            ],
            "tags": {
              "environment": "CP2"
            },
            "timeouts": null,
            "virtual_machine_id": "73394036-c007-4483-a817-9d435e8e2d9d",
            "virtual_machine_scale_set_id": "",
            "zone": ""
          },
          "sensitive_attributes": [],
          "private": "eyJlMmJmYjczMC1lY2FhLTExZTYtOGY4OC0zNDM2M2JjN2M0YzAiOnsiY3JlYXRlIjoyNzAwMDAwMDAwMDAwLCJkZWxldGUiOjI3MDAwMDAwMDAwMDAsInJlYWQiOjMwMDAwMDAwMDAwMCwidXBkYXRlIjoyNzAwMDAwMDAwMDAwfX0=",
          "dependencies": [
            "azurerm_network_interface.mainNI",
            "azurerm_public_ip.myPublicIp",
            "azurerm_resource_group.rg",
            "azurerm_subnet.mySubnet",
            "azurerm_virtual_network.myNet"
          ]
        },
        {
          "index_key": 1,
          "schema_version": 0,
          "attributes": {
            "additional_capabilities": [],
            "admin_password": null,
            "admin_ssh_key": [
              {
                "public_key": "ssh-rsa AAAAB3NzaC1yc2EAAAADAQABAAABgQDtVWovcA9YVmoBcJCIpVQvVqNCsAdMGN5szZd4ax9Hd++G1q1jrRmkdpQG6MxIuozgJEBa4XUsfH1r07oJEEDVeUFf90PBhDrsZ4FOoljnvlLlQUwYLXXdoSIQSJaSsx6wZ5fRSG7BAgTYJR/RF+iIGGpxaowvM1i5AWd30NLjytYaqxnYlfmX1kZJcS6gKgXD97d3sjdhd2fHW9evtkcx7RgUnu9ua0Jf9QT1CNNqfU1EdOJBfJhda43a3vO3xiX8puA5e2BP7f/ur4V7sC6r5u+gqqGWqMZu31Ca0Ye0Sp66Z/enDAHFVCkhczUvWHD86X/nxlMyaNuy6dGCXqALYXl34yqcADdG4QfFRSpjFzgqDGmS3XYi/WHP49ZkUp2L+0IDnVLTgCMI9eT/AuRbb68aP8bFv4668PR8zcxqMg8csHFqeWUjAUZJME9VdOrLpsftDmLAJ7leYH1jGamagLoZPEHqp5P4eof7XyOvYAgZRVKVrfMVdAZaBkKkZ08= ansible@ansible.local\n",
                "username": "adminUsername"
              }
            ],
            "admin_username": "adminUsername",
            "allow_extension_operations": true,
            "availability_set_id": "",
            "boot_diagnostics": [],
            "computer_name": "nfs-azure-vm",
            "custom_data": null,
            "dedicated_host_id": "",
            "disable_password_authentication": true,
            "encryption_at_host_enabled": false,
            "eviction_policy": "",
            "extensions_time_budget": "PT1H30M",
            "id": "/subscriptions/e9ed82d3-7ff7-460d-bf08-38cbabc62695/resourceGroups/kubernetes_rg_asanton/providers/Microsoft.Compute/virtualMachines/nfs-azure-vm",
            "identity": [],
            "location": "westeurope",
            "max_bid_price": -1,
            "name": "nfs-azure-vm",
            "network_interface_ids": [
              "/subscriptions/e9ed82d3-7ff7-460d-bf08-38cbabc62695/resourceGroups/kubernetes_rg_asanton/providers/Microsoft.Network/networkInterfaces/nic-nfs"
            ],
            "os_disk": [
              {
                "caching": "ReadWrite",
                "diff_disk_settings": [],
                "disk_encryption_set_id": "",
                "disk_size_gb": 30,
                "name": "nfs-azure-vm_OsDisk_1_b3063c6609fe40ec9bb4754fd83e9a69",
                "storage_account_type": "Standard_LRS",
                "write_accelerator_enabled": false
              }
            ],
            "plan": [
              {
                "name": "centos-8-stream-free",
                "product": "centos-8-stream-free",
                "publisher": "cognosys"
              }
            ],
            "priority": "Regular",
            "private_ip_address": "10.0.1.11",
            "private_ip_addresses": [
              "10.0.1.11"
            ],
            "provision_vm_agent": true,
            "proximity_placement_group_id": "",
            "public_ip_address": "13.94.232.188",
            "public_ip_addresses": [
              "13.94.232.188"
            ],
            "resource_group_name": "kubernetes_rg_asanton",
            "secret": [],
            "size": "Standard_D1_v2",
            "source_image_id": "",
            "source_image_reference": [
              {
                "offer": "centos-8-stream-free",
                "publisher": "cognosys",
                "sku": "centos-8-stream-free",
                "version": "1.2019.0810"
              }
            ],
            "tags": {
              "environment": "CP2"
            },
            "timeouts": null,
            "virtual_machine_id": "00eda311-ae78-46fd-a74f-d26a31f08dde",
            "virtual_machine_scale_set_id": "",
            "zone": ""
          },
          "sensitive_attributes": [],
          "private": "eyJlMmJmYjczMC1lY2FhLTExZTYtOGY4OC0zNDM2M2JjN2M0YzAiOnsiY3JlYXRlIjoyNzAwMDAwMDAwMDAwLCJkZWxldGUiOjI3MDAwMDAwMDAwMDAsInJlYWQiOjMwMDAwMDAwMDAwMCwidXBkYXRlIjoyNzAwMDAwMDAwMDAwfX0=",
          "dependencies": [
            "azurerm_network_interface.mainNI",
            "azurerm_public_ip.myPublicIp",
            "azurerm_resource_group.rg",
            "azurerm_subnet.mySubnet",
            "azurerm_virtual_network.myNet"
          ]
        },
        {
          "index_key": 2,
          "schema_version": 0,
          "attributes": {
            "additional_capabilities": [],
            "admin_password": null,
            "admin_ssh_key": [
              {
                "public_key": "ssh-rsa AAAAB3NzaC1yc2EAAAADAQABAAABgQDtVWovcA9YVmoBcJCIpVQvVqNCsAdMGN5szZd4ax9Hd++G1q1jrRmkdpQG6MxIuozgJEBa4XUsfH1r07oJEEDVeUFf90PBhDrsZ4FOoljnvlLlQUwYLXXdoSIQSJaSsx6wZ5fRSG7BAgTYJR/RF+iIGGpxaowvM1i5AWd30NLjytYaqxnYlfmX1kZJcS6gKgXD97d3sjdhd2fHW9evtkcx7RgUnu9ua0Jf9QT1CNNqfU1EdOJBfJhda43a3vO3xiX8puA5e2BP7f/ur4V7sC6r5u+gqqGWqMZu31Ca0Ye0Sp66Z/enDAHFVCkhczUvWHD86X/nxlMyaNuy6dGCXqALYXl34yqcADdG4QfFRSpjFzgqDGmS3XYi/WHP49ZkUp2L+0IDnVLTgCMI9eT/AuRbb68aP8bFv4668PR8zcxqMg8csHFqeWUjAUZJME9VdOrLpsftDmLAJ7leYH1jGamagLoZPEHqp5P4eof7XyOvYAgZRVKVrfMVdAZaBkKkZ08= ansible@ansible.local\n",
                "username": "adminUsername"
              }
            ],
            "admin_username": "adminUsername",
            "allow_extension_operations": true,
            "availability_set_id": "",
            "boot_diagnostics": [],
            "computer_name": "worker01-azure-vm",
            "custom_data": null,
            "dedicated_host_id": "",
            "disable_password_authentication": true,
            "encryption_at_host_enabled": false,
            "eviction_policy": "",
            "extensions_time_budget": "PT1H30M",
            "id": "/subscriptions/e9ed82d3-7ff7-460d-bf08-38cbabc62695/resourceGroups/kubernetes_rg_asanton/providers/Microsoft.Compute/virtualMachines/worker01-azure-vm",
            "identity": [],
            "location": "westeurope",
            "max_bid_price": -1,
            "name": "worker01-azure-vm",
            "network_interface_ids": [
              "/subscriptions/e9ed82d3-7ff7-460d-bf08-38cbabc62695/resourceGroups/kubernetes_rg_asanton/providers/Microsoft.Network/networkInterfaces/nic-worker01"
            ],
            "os_disk": [
              {
                "caching": "ReadWrite",
                "diff_disk_settings": [],
                "disk_encryption_set_id": "",
                "disk_size_gb": 30,
                "name": "worker01-azure-vm_OsDisk_1_7a0d7392d6034d60b868ee25eb8e768e",
                "storage_account_type": "Standard_LRS",
                "write_accelerator_enabled": false
              }
            ],
            "plan": [
              {
                "name": "centos-8-stream-free",
                "product": "centos-8-stream-free",
                "publisher": "cognosys"
              }
            ],
            "priority": "Regular",
            "private_ip_address": "10.0.1.12",
            "private_ip_addresses": [
              "10.0.1.12"
            ],
            "provision_vm_agent": true,
            "proximity_placement_group_id": "",
            "public_ip_address": "104.214.225.123",
            "public_ip_addresses": [
              "104.214.225.123"
            ],
            "resource_group_name": "kubernetes_rg_asanton",
            "secret": [],
            "size": "Standard_D1_v2",
            "source_image_id": "",
            "source_image_reference": [
              {
                "offer": "centos-8-stream-free",
                "publisher": "cognosys",
                "sku": "centos-8-stream-free",
                "version": "1.2019.0810"
              }
            ],
            "tags": {
              "environment": "CP2"
            },
            "timeouts": null,
            "virtual_machine_id": "6e9cee2b-eaa5-468c-8fe9-a9e790cc379f",
            "virtual_machine_scale_set_id": "",
            "zone": ""
          },
          "sensitive_attributes": [],
          "private": "eyJlMmJmYjczMC1lY2FhLTExZTYtOGY4OC0zNDM2M2JjN2M0YzAiOnsiY3JlYXRlIjoyNzAwMDAwMDAwMDAwLCJkZWxldGUiOjI3MDAwMDAwMDAwMDAsInJlYWQiOjMwMDAwMDAwMDAwMCwidXBkYXRlIjoyNzAwMDAwMDAwMDAwfX0=",
          "dependencies": [
            "azurerm_network_interface.mainNI",
            "azurerm_public_ip.myPublicIp",
            "azurerm_resource_group.rg",
            "azurerm_subnet.mySubnet",
            "azurerm_virtual_network.myNet"
          ]
        },
        {
          "index_key": 3,
          "schema_version": 0,
          "attributes": {
            "additional_capabilities": [],
            "admin_password": null,
            "admin_ssh_key": [
              {
                "public_key": "ssh-rsa AAAAB3NzaC1yc2EAAAADAQABAAABgQDtVWovcA9YVmoBcJCIpVQvVqNCsAdMGN5szZd4ax9Hd++G1q1jrRmkdpQG6MxIuozgJEBa4XUsfH1r07oJEEDVeUFf90PBhDrsZ4FOoljnvlLlQUwYLXXdoSIQSJaSsx6wZ5fRSG7BAgTYJR/RF+iIGGpxaowvM1i5AWd30NLjytYaqxnYlfmX1kZJcS6gKgXD97d3sjdhd2fHW9evtkcx7RgUnu9ua0Jf9QT1CNNqfU1EdOJBfJhda43a3vO3xiX8puA5e2BP7f/ur4V7sC6r5u+gqqGWqMZu31Ca0Ye0Sp66Z/enDAHFVCkhczUvWHD86X/nxlMyaNuy6dGCXqALYXl34yqcADdG4QfFRSpjFzgqDGmS3XYi/WHP49ZkUp2L+0IDnVLTgCMI9eT/AuRbb68aP8bFv4668PR8zcxqMg8csHFqeWUjAUZJME9VdOrLpsftDmLAJ7leYH1jGamagLoZPEHqp5P4eof7XyOvYAgZRVKVrfMVdAZaBkKkZ08= ansible@ansible.local\n",
                "username": "adminUsername"
              }
            ],
            "admin_username": "adminUsername",
            "allow_extension_operations": true,
            "availability_set_id": "",
            "boot_diagnostics": [],
            "computer_name": "worker02-azure-vm",
            "custom_data": null,
            "dedicated_host_id": "",
            "disable_password_authentication": true,
            "encryption_at_host_enabled": false,
            "eviction_policy": "",
            "extensions_time_budget": "PT1H30M",
            "id": "/subscriptions/e9ed82d3-7ff7-460d-bf08-38cbabc62695/resourceGroups/kubernetes_rg_asanton/providers/Microsoft.Compute/virtualMachines/worker02-azure-vm",
            "identity": [],
            "location": "westeurope",
            "max_bid_price": -1,
            "name": "worker02-azure-vm",
            "network_interface_ids": [
              "/subscriptions/e9ed82d3-7ff7-460d-bf08-38cbabc62695/resourceGroups/kubernetes_rg_asanton/providers/Microsoft.Network/networkInterfaces/nic-worker02"
            ],
            "os_disk": [
              {
                "caching": "ReadWrite",
                "diff_disk_settings": [],
                "disk_encryption_set_id": "",
                "disk_size_gb": 30,
                "name": "worker02-azure-vm_OsDisk_1_59e858d9b8ae4f6fbf26e5839e74fda2",
                "storage_account_type": "Standard_LRS",
                "write_accelerator_enabled": false
              }
            ],
            "plan": [
              {
                "name": "centos-8-stream-free",
                "product": "centos-8-stream-free",
                "publisher": "cognosys"
              }
            ],
            "priority": "Regular",
            "private_ip_address": "10.0.1.13",
            "private_ip_addresses": [
              "10.0.1.13"
            ],
            "provision_vm_agent": true,
            "proximity_placement_group_id": "",
            "public_ip_address": "13.80.68.175",
            "public_ip_addresses": [
              "13.80.68.175"
            ],
            "resource_group_name": "kubernetes_rg_asanton",
            "secret": [],
            "size": "Standard_D1_v2",
            "source_image_id": "",
            "source_image_reference": [
              {
                "offer": "centos-8-stream-free",
                "publisher": "cognosys",
                "sku": "centos-8-stream-free",
                "version": "1.2019.0810"
              }
            ],
            "tags": {
              "environment": "CP2"
            },
            "timeouts": null,
            "virtual_machine_id": "02fe3bb9-54a6-4eef-b91c-663bb922dd8e",
            "virtual_machine_scale_set_id": "",
            "zone": ""
          },
          "sensitive_attributes": [],
          "private": "eyJlMmJmYjczMC1lY2FhLTExZTYtOGY4OC0zNDM2M2JjN2M0YzAiOnsiY3JlYXRlIjoyNzAwMDAwMDAwMDAwLCJkZWxldGUiOjI3MDAwMDAwMDAwMDAsInJlYWQiOjMwMDAwMDAwMDAwMCwidXBkYXRlIjoyNzAwMDAwMDAwMDAwfX0=",
          "dependencies": [
            "azurerm_network_interface.mainNI",
            "azurerm_public_ip.myPublicIp",
            "azurerm_resource_group.rg",
            "azurerm_subnet.mySubnet",
            "azurerm_virtual_network.myNet"
          ]
        }
      ]
    },
    {
      "mode": "managed",
      "type": "azurerm_network_interface",
      "name": "mainNI",
      "provider": "provider[\"registry.terraform.io/hashicorp/azurerm\"]",
      "instances": [
        {
          "index_key": 0,
          "schema_version": 0,
          "attributes": {
            "applied_dns_servers": [],
            "dns_servers": [],
            "enable_accelerated_networking": false,
            "enable_ip_forwarding": false,
            "id": "/subscriptions/e9ed82d3-7ff7-460d-bf08-38cbabc62695/resourceGroups/kubernetes_rg_asanton/providers/Microsoft.Network/networkInterfaces/nic-master",
            "internal_dns_name_label": "",
            "internal_domain_name_suffix": "golzsm0rpcxuzh5d2op0jgdrqd.ax.internal.cloudapp.net",
            "ip_configuration": [
              {
                "name": "ipconf-master",
                "primary": true,
                "private_ip_address": "10.0.1.10",
                "private_ip_address_allocation": "Static",
                "private_ip_address_version": "IPv4",
                "public_ip_address_id": "/subscriptions/e9ed82d3-7ff7-460d-bf08-38cbabc62695/resourceGroups/kubernetes_rg_asanton/providers/Microsoft.Network/publicIPAddresses/pubip-master",
                "subnet_id": "/subscriptions/e9ed82d3-7ff7-460d-bf08-38cbabc62695/resourceGroups/kubernetes_rg_asanton/providers/Microsoft.Network/virtualNetworks/kubernetesnet/subnets/terraformsubnet"
              }
            ],
            "location": "westeurope",
            "mac_address": "",
            "name": "nic-master",
            "private_ip_address": "10.0.1.10",
            "private_ip_addresses": [
              "10.0.1.10"
            ],
            "resource_group_name": "kubernetes_rg_asanton",
            "tags": {
              "environment": "CP2"
            },
            "timeouts": null,
            "virtual_machine_id": ""
          },
          "sensitive_attributes": [],
          "private": "eyJlMmJmYjczMC1lY2FhLTExZTYtOGY4OC0zNDM2M2JjN2M0YzAiOnsiY3JlYXRlIjoxODAwMDAwMDAwMDAwLCJkZWxldGUiOjE4MDAwMDAwMDAwMDAsInJlYWQiOjMwMDAwMDAwMDAwMCwidXBkYXRlIjoxODAwMDAwMDAwMDAwfX0=",
          "dependencies": [
            "azurerm_public_ip.myPublicIp",
            "azurerm_resource_group.rg",
            "azurerm_subnet.mySubnet",
            "azurerm_virtual_network.myNet"
          ]
        },
        {
          "index_key": 1,
          "schema_version": 0,
          "attributes": {
            "applied_dns_servers": [],
            "dns_servers": [],
            "enable_accelerated_networking": false,
            "enable_ip_forwarding": false,
            "id": "/subscriptions/e9ed82d3-7ff7-460d-bf08-38cbabc62695/resourceGroups/kubernetes_rg_asanton/providers/Microsoft.Network/networkInterfaces/nic-nfs",
            "internal_dns_name_label": "",
            "internal_domain_name_suffix": "golzsm0rpcxuzh5d2op0jgdrqd.ax.internal.cloudapp.net",
            "ip_configuration": [
              {
                "name": "ipconf-nfs",
                "primary": true,
                "private_ip_address": "10.0.1.11",
                "private_ip_address_allocation": "Static",
                "private_ip_address_version": "IPv4",
                "public_ip_address_id": "/subscriptions/e9ed82d3-7ff7-460d-bf08-38cbabc62695/resourceGroups/kubernetes_rg_asanton/providers/Microsoft.Network/publicIPAddresses/pubip-nfs",
                "subnet_id": "/subscriptions/e9ed82d3-7ff7-460d-bf08-38cbabc62695/resourceGroups/kubernetes_rg_asanton/providers/Microsoft.Network/virtualNetworks/kubernetesnet/subnets/terraformsubnet"
              }
            ],
            "location": "westeurope",
            "mac_address": "",
            "name": "nic-nfs",
            "private_ip_address": "10.0.1.11",
            "private_ip_addresses": [
              "10.0.1.11"
            ],
            "resource_group_name": "kubernetes_rg_asanton",
            "tags": {
              "environment": "CP2"
            },
            "timeouts": null,
            "virtual_machine_id": ""
          },
          "sensitive_attributes": [],
          "private": "eyJlMmJmYjczMC1lY2FhLTExZTYtOGY4OC0zNDM2M2JjN2M0YzAiOnsiY3JlYXRlIjoxODAwMDAwMDAwMDAwLCJkZWxldGUiOjE4MDAwMDAwMDAwMDAsInJlYWQiOjMwMDAwMDAwMDAwMCwidXBkYXRlIjoxODAwMDAwMDAwMDAwfX0=",
          "dependencies": [
            "azurerm_public_ip.myPublicIp",
            "azurerm_resource_group.rg",
            "azurerm_subnet.mySubnet",
            "azurerm_virtual_network.myNet"
          ]
        },
        {
          "index_key": 2,
          "schema_version": 0,
          "attributes": {
            "applied_dns_servers": [],
            "dns_servers": [],
            "enable_accelerated_networking": false,
            "enable_ip_forwarding": false,
            "id": "/subscriptions/e9ed82d3-7ff7-460d-bf08-38cbabc62695/resourceGroups/kubernetes_rg_asanton/providers/Microsoft.Network/networkInterfaces/nic-worker01",
            "internal_dns_name_label": "",
            "internal_domain_name_suffix": "golzsm0rpcxuzh5d2op0jgdrqd.ax.internal.cloudapp.net",
            "ip_configuration": [
              {
                "name": "ipconf-worker01",
                "primary": true,
                "private_ip_address": "10.0.1.12",
                "private_ip_address_allocation": "Static",
                "private_ip_address_version": "IPv4",
                "public_ip_address_id": "/subscriptions/e9ed82d3-7ff7-460d-bf08-38cbabc62695/resourceGroups/kubernetes_rg_asanton/providers/Microsoft.Network/publicIPAddresses/pubip-worker01",
                "subnet_id": "/subscriptions/e9ed82d3-7ff7-460d-bf08-38cbabc62695/resourceGroups/kubernetes_rg_asanton/providers/Microsoft.Network/virtualNetworks/kubernetesnet/subnets/terraformsubnet"
              }
            ],
            "location": "westeurope",
            "mac_address": "",
            "name": "nic-worker01",
            "private_ip_address": "10.0.1.12",
            "private_ip_addresses": [
              "10.0.1.12"
            ],
            "resource_group_name": "kubernetes_rg_asanton",
            "tags": {
              "environment": "CP2"
            },
            "timeouts": null,
            "virtual_machine_id": ""
          },
          "sensitive_attributes": [],
          "private": "eyJlMmJmYjczMC1lY2FhLTExZTYtOGY4OC0zNDM2M2JjN2M0YzAiOnsiY3JlYXRlIjoxODAwMDAwMDAwMDAwLCJkZWxldGUiOjE4MDAwMDAwMDAwMDAsInJlYWQiOjMwMDAwMDAwMDAwMCwidXBkYXRlIjoxODAwMDAwMDAwMDAwfX0=",
          "dependencies": [
            "azurerm_public_ip.myPublicIp",
            "azurerm_resource_group.rg",
            "azurerm_subnet.mySubnet",
            "azurerm_virtual_network.myNet"
          ]
        },
        {
          "index_key": 3,
          "schema_version": 0,
          "attributes": {
            "applied_dns_servers": [],
            "dns_servers": [],
            "enable_accelerated_networking": false,
            "enable_ip_forwarding": false,
            "id": "/subscriptions/e9ed82d3-7ff7-460d-bf08-38cbabc62695/resourceGroups/kubernetes_rg_asanton/providers/Microsoft.Network/networkInterfaces/nic-worker02",
            "internal_dns_name_label": "",
            "internal_domain_name_suffix": "golzsm0rpcxuzh5d2op0jgdrqd.ax.internal.cloudapp.net",
            "ip_configuration": [
              {
                "name": "ipconf-worker02",
                "primary": true,
                "private_ip_address": "10.0.1.13",
                "private_ip_address_allocation": "Static",
                "private_ip_address_version": "IPv4",
                "public_ip_address_id": "/subscriptions/e9ed82d3-7ff7-460d-bf08-38cbabc62695/resourceGroups/kubernetes_rg_asanton/providers/Microsoft.Network/publicIPAddresses/pubip-worker02",
                "subnet_id": "/subscriptions/e9ed82d3-7ff7-460d-bf08-38cbabc62695/resourceGroups/kubernetes_rg_asanton/providers/Microsoft.Network/virtualNetworks/kubernetesnet/subnets/terraformsubnet"
              }
            ],
            "location": "westeurope",
            "mac_address": "",
            "name": "nic-worker02",
            "private_ip_address": "10.0.1.13",
            "private_ip_addresses": [
              "10.0.1.13"
            ],
            "resource_group_name": "kubernetes_rg_asanton",
            "tags": {
              "environment": "CP2"
            },
            "timeouts": null,
            "virtual_machine_id": ""
          },
          "sensitive_attributes": [],
          "private": "eyJlMmJmYjczMC1lY2FhLTExZTYtOGY4OC0zNDM2M2JjN2M0YzAiOnsiY3JlYXRlIjoxODAwMDAwMDAwMDAwLCJkZWxldGUiOjE4MDAwMDAwMDAwMDAsInJlYWQiOjMwMDAwMDAwMDAwMCwidXBkYXRlIjoxODAwMDAwMDAwMDAwfX0=",
          "dependencies": [
            "azurerm_public_ip.myPublicIp",
            "azurerm_resource_group.rg",
            "azurerm_subnet.mySubnet",
            "azurerm_virtual_network.myNet"
          ]
        }
      ]
    },
    {
      "mode": "managed",
      "type": "azurerm_network_interface_security_group_association",
      "name": "mySecGroupAssociation1",
      "provider": "provider[\"registry.terraform.io/hashicorp/azurerm\"]",
      "instances": [
        {
          "index_key": 0,
          "schema_version": 0,
          "attributes": {
            "id": "/subscriptions/e9ed82d3-7ff7-460d-bf08-38cbabc62695/resourceGroups/kubernetes_rg_asanton/providers/Microsoft.Network/networkInterfaces/nic-master|/subscriptions/e9ed82d3-7ff7-460d-bf08-38cbabc62695/resourceGroups/kubernetes_rg_asanton/providers/Microsoft.Network/networkSecurityGroups/sshtraffic_asanton",
            "network_interface_id": "/subscriptions/e9ed82d3-7ff7-460d-bf08-38cbabc62695/resourceGroups/kubernetes_rg_asanton/providers/Microsoft.Network/networkInterfaces/nic-master",
            "network_security_group_id": "/subscriptions/e9ed82d3-7ff7-460d-bf08-38cbabc62695/resourceGroups/kubernetes_rg_asanton/providers/Microsoft.Network/networkSecurityGroups/sshtraffic_asanton",
            "timeouts": null
          },
          "sensitive_attributes": [],
          "private": "eyJlMmJmYjczMC1lY2FhLTExZTYtOGY4OC0zNDM2M2JjN2M0YzAiOnsiY3JlYXRlIjoxODAwMDAwMDAwMDAwLCJkZWxldGUiOjE4MDAwMDAwMDAwMDAsInJlYWQiOjMwMDAwMDAwMDAwMCwidXBkYXRlIjoxODAwMDAwMDAwMDAwfX0=",
          "dependencies": [
            "azurerm_network_interface.mainNI",
            "azurerm_network_security_group.mySecGroup",
            "azurerm_public_ip.myPublicIp",
            "azurerm_resource_group.rg",
            "azurerm_subnet.mySubnet",
            "azurerm_virtual_network.myNet"
          ]
        },
        {
          "index_key": 1,
          "schema_version": 0,
          "attributes": {
            "id": "/subscriptions/e9ed82d3-7ff7-460d-bf08-38cbabc62695/resourceGroups/kubernetes_rg_asanton/providers/Microsoft.Network/networkInterfaces/nic-nfs|/subscriptions/e9ed82d3-7ff7-460d-bf08-38cbabc62695/resourceGroups/kubernetes_rg_asanton/providers/Microsoft.Network/networkSecurityGroups/sshtraffic_asanton",
            "network_interface_id": "/subscriptions/e9ed82d3-7ff7-460d-bf08-38cbabc62695/resourceGroups/kubernetes_rg_asanton/providers/Microsoft.Network/networkInterfaces/nic-nfs",
            "network_security_group_id": "/subscriptions/e9ed82d3-7ff7-460d-bf08-38cbabc62695/resourceGroups/kubernetes_rg_asanton/providers/Microsoft.Network/networkSecurityGroups/sshtraffic_asanton",
            "timeouts": null
          },
          "sensitive_attributes": [],
          "private": "eyJlMmJmYjczMC1lY2FhLTExZTYtOGY4OC0zNDM2M2JjN2M0YzAiOnsiY3JlYXRlIjoxODAwMDAwMDAwMDAwLCJkZWxldGUiOjE4MDAwMDAwMDAwMDAsInJlYWQiOjMwMDAwMDAwMDAwMCwidXBkYXRlIjoxODAwMDAwMDAwMDAwfX0=",
          "dependencies": [
            "azurerm_network_interface.mainNI",
            "azurerm_network_security_group.mySecGroup",
            "azurerm_public_ip.myPublicIp",
            "azurerm_resource_group.rg",
            "azurerm_subnet.mySubnet",
            "azurerm_virtual_network.myNet"
          ]
        },
        {
          "index_key": 2,
          "schema_version": 0,
          "attributes": {
            "id": "/subscriptions/e9ed82d3-7ff7-460d-bf08-38cbabc62695/resourceGroups/kubernetes_rg_asanton/providers/Microsoft.Network/networkInterfaces/nic-worker01|/subscriptions/e9ed82d3-7ff7-460d-bf08-38cbabc62695/resourceGroups/kubernetes_rg_asanton/providers/Microsoft.Network/networkSecurityGroups/sshtraffic_asanton",
            "network_interface_id": "/subscriptions/e9ed82d3-7ff7-460d-bf08-38cbabc62695/resourceGroups/kubernetes_rg_asanton/providers/Microsoft.Network/networkInterfaces/nic-worker01",
            "network_security_group_id": "/subscriptions/e9ed82d3-7ff7-460d-bf08-38cbabc62695/resourceGroups/kubernetes_rg_asanton/providers/Microsoft.Network/networkSecurityGroups/sshtraffic_asanton",
            "timeouts": null
          },
          "sensitive_attributes": [],
          "private": "eyJlMmJmYjczMC1lY2FhLTExZTYtOGY4OC0zNDM2M2JjN2M0YzAiOnsiY3JlYXRlIjoxODAwMDAwMDAwMDAwLCJkZWxldGUiOjE4MDAwMDAwMDAwMDAsInJlYWQiOjMwMDAwMDAwMDAwMCwidXBkYXRlIjoxODAwMDAwMDAwMDAwfX0=",
          "dependencies": [
            "azurerm_network_interface.mainNI",
            "azurerm_network_security_group.mySecGroup",
            "azurerm_public_ip.myPublicIp",
            "azurerm_resource_group.rg",
            "azurerm_subnet.mySubnet",
            "azurerm_virtual_network.myNet"
          ]
        },
        {
          "index_key": 3,
          "schema_version": 0,
          "attributes": {
            "id": "/subscriptions/e9ed82d3-7ff7-460d-bf08-38cbabc62695/resourceGroups/kubernetes_rg_asanton/providers/Microsoft.Network/networkInterfaces/nic-worker02|/subscriptions/e9ed82d3-7ff7-460d-bf08-38cbabc62695/resourceGroups/kubernetes_rg_asanton/providers/Microsoft.Network/networkSecurityGroups/sshtraffic_asanton",
            "network_interface_id": "/subscriptions/e9ed82d3-7ff7-460d-bf08-38cbabc62695/resourceGroups/kubernetes_rg_asanton/providers/Microsoft.Network/networkInterfaces/nic-worker02",
            "network_security_group_id": "/subscriptions/e9ed82d3-7ff7-460d-bf08-38cbabc62695/resourceGroups/kubernetes_rg_asanton/providers/Microsoft.Network/networkSecurityGroups/sshtraffic_asanton",
            "timeouts": null
          },
          "sensitive_attributes": [],
          "private": "eyJlMmJmYjczMC1lY2FhLTExZTYtOGY4OC0zNDM2M2JjN2M0YzAiOnsiY3JlYXRlIjoxODAwMDAwMDAwMDAwLCJkZWxldGUiOjE4MDAwMDAwMDAwMDAsInJlYWQiOjMwMDAwMDAwMDAwMCwidXBkYXRlIjoxODAwMDAwMDAwMDAwfX0=",
          "dependencies": [
            "azurerm_network_interface.mainNI",
            "azurerm_network_security_group.mySecGroup",
            "azurerm_public_ip.myPublicIp",
            "azurerm_resource_group.rg",
            "azurerm_subnet.mySubnet",
            "azurerm_virtual_network.myNet"
          ]
        }
      ]
    },
    {
      "mode": "managed",
      "type": "azurerm_network_security_group",
      "name": "mySecGroup",
      "provider": "provider[\"registry.terraform.io/hashicorp/azurerm\"]",
      "instances": [
        {
          "schema_version": 0,
          "attributes": {
            "id": "/subscriptions/e9ed82d3-7ff7-460d-bf08-38cbabc62695/resourceGroups/kubernetes_rg_asanton/providers/Microsoft.Network/networkSecurityGroups/sshtraffic_asanton",
            "location": "westeurope",
            "name": "sshtraffic_asanton",
            "resource_group_name": "kubernetes_rg_asanton",
            "security_rule": [
              {
                "access": "Allow",
                "description": "",
                "destination_address_prefix": "*",
                "destination_address_prefixes": [],
                "destination_application_security_group_ids": [],
                "destination_port_range": "22",
                "destination_port_ranges": [],
                "direction": "Inbound",
                "name": "SSH",
                "priority": 1001,
                "protocol": "Tcp",
                "source_address_prefix": "*",
                "source_address_prefixes": [],
                "source_application_security_group_ids": [],
                "source_port_range": "*",
                "source_port_ranges": []
              }
            ],
            "tags": {
              "environment": "CP2"
            },
            "timeouts": null
          },
          "sensitive_attributes": [],
          "private": "eyJlMmJmYjczMC1lY2FhLTExZTYtOGY4OC0zNDM2M2JjN2M0YzAiOnsiY3JlYXRlIjoxODAwMDAwMDAwMDAwLCJkZWxldGUiOjE4MDAwMDAwMDAwMDAsInJlYWQiOjMwMDAwMDAwMDAwMCwidXBkYXRlIjoxODAwMDAwMDAwMDAwfX0=",
          "dependencies": [
            "azurerm_resource_group.rg"
          ]
        }
      ]
    },
    {
      "mode": "managed",
      "type": "azurerm_public_ip",
      "name": "myPublicIp",
      "provider": "provider[\"registry.terraform.io/hashicorp/azurerm\"]",
      "instances": [
        {
          "index_key": 0,
          "schema_version": 0,
          "attributes": {
            "allocation_method": "Dynamic",
            "domain_name_label": null,
            "fqdn": null,
            "id": "/subscriptions/e9ed82d3-7ff7-460d-bf08-38cbabc62695/resourceGroups/kubernetes_rg_asanton/providers/Microsoft.Network/publicIPAddresses/pubip-master",
            "idle_timeout_in_minutes": 4,
            "ip_address": "",
            "ip_version": "IPv4",
            "location": "westeurope",
            "name": "pubip-master",
            "public_ip_prefix_id": null,
            "resource_group_name": "kubernetes_rg_asanton",
            "reverse_fqdn": null,
            "sku": "Basic",
            "tags": {
              "environment": "CP2"
            },
            "timeouts": null,
            "zones": null
          },
          "sensitive_attributes": [],
          "private": "eyJlMmJmYjczMC1lY2FhLTExZTYtOGY4OC0zNDM2M2JjN2M0YzAiOnsiY3JlYXRlIjoxODAwMDAwMDAwMDAwLCJkZWxldGUiOjE4MDAwMDAwMDAwMDAsInJlYWQiOjMwMDAwMDAwMDAwMCwidXBkYXRlIjoxODAwMDAwMDAwMDAwfX0=",
          "dependencies": [
            "azurerm_resource_group.rg"
          ]
        },
        {
          "index_key": 1,
          "schema_version": 0,
          "attributes": {
            "allocation_method": "Dynamic",
            "domain_name_label": null,
            "fqdn": null,
            "id": "/subscriptions/e9ed82d3-7ff7-460d-bf08-38cbabc62695/resourceGroups/kubernetes_rg_asanton/providers/Microsoft.Network/publicIPAddresses/pubip-nfs",
            "idle_timeout_in_minutes": 4,
            "ip_address": "",
            "ip_version": "IPv4",
            "location": "westeurope",
            "name": "pubip-nfs",
            "public_ip_prefix_id": null,
            "resource_group_name": "kubernetes_rg_asanton",
            "reverse_fqdn": null,
            "sku": "Basic",
            "tags": {
              "environment": "CP2"
            },
            "timeouts": null,
            "zones": null
          },
          "sensitive_attributes": [],
          "private": "eyJlMmJmYjczMC1lY2FhLTExZTYtOGY4OC0zNDM2M2JjN2M0YzAiOnsiY3JlYXRlIjoxODAwMDAwMDAwMDAwLCJkZWxldGUiOjE4MDAwMDAwMDAwMDAsInJlYWQiOjMwMDAwMDAwMDAwMCwidXBkYXRlIjoxODAwMDAwMDAwMDAwfX0=",
          "dependencies": [
            "azurerm_resource_group.rg"
          ]
        },
        {
          "index_key": 2,
          "schema_version": 0,
          "attributes": {
            "allocation_method": "Dynamic",
            "domain_name_label": null,
            "fqdn": null,
            "id": "/subscriptions/e9ed82d3-7ff7-460d-bf08-38cbabc62695/resourceGroups/kubernetes_rg_asanton/providers/Microsoft.Network/publicIPAddresses/pubip-worker01",
            "idle_timeout_in_minutes": 4,
            "ip_address": "",
            "ip_version": "IPv4",
            "location": "westeurope",
            "name": "pubip-worker01",
            "public_ip_prefix_id": null,
            "resource_group_name": "kubernetes_rg_asanton",
            "reverse_fqdn": null,
            "sku": "Basic",
            "tags": {
              "environment": "CP2"
            },
            "timeouts": null,
            "zones": null
          },
          "sensitive_attributes": [],
          "private": "eyJlMmJmYjczMC1lY2FhLTExZTYtOGY4OC0zNDM2M2JjN2M0YzAiOnsiY3JlYXRlIjoxODAwMDAwMDAwMDAwLCJkZWxldGUiOjE4MDAwMDAwMDAwMDAsInJlYWQiOjMwMDAwMDAwMDAwMCwidXBkYXRlIjoxODAwMDAwMDAwMDAwfX0=",
          "dependencies": [
            "azurerm_resource_group.rg"
          ]
        },
        {
          "index_key": 3,
          "schema_version": 0,
          "attributes": {
            "allocation_method": "Dynamic",
            "domain_name_label": null,
            "fqdn": null,
            "id": "/subscriptions/e9ed82d3-7ff7-460d-bf08-38cbabc62695/resourceGroups/kubernetes_rg_asanton/providers/Microsoft.Network/publicIPAddresses/pubip-worker02",
            "idle_timeout_in_minutes": 4,
            "ip_address": "",
            "ip_version": "IPv4",
            "location": "westeurope",
            "name": "pubip-worker02",
            "public_ip_prefix_id": null,
            "resource_group_name": "kubernetes_rg_asanton",
            "reverse_fqdn": null,
            "sku": "Basic",
            "tags": {
              "environment": "CP2"
            },
            "timeouts": null,
            "zones": null
          },
          "sensitive_attributes": [],
          "private": "eyJlMmJmYjczMC1lY2FhLTExZTYtOGY4OC0zNDM2M2JjN2M0YzAiOnsiY3JlYXRlIjoxODAwMDAwMDAwMDAwLCJkZWxldGUiOjE4MDAwMDAwMDAwMDAsInJlYWQiOjMwMDAwMDAwMDAwMCwidXBkYXRlIjoxODAwMDAwMDAwMDAwfX0=",
          "dependencies": [
            "azurerm_resource_group.rg"
          ]
        }
      ]
    },
    {
      "mode": "managed",
      "type": "azurerm_resource_group",
      "name": "rg",
      "provider": "provider[\"registry.terraform.io/hashicorp/azurerm\"]",
      "instances": [
        {
          "schema_version": 0,
          "attributes": {
            "id": "/subscriptions/e9ed82d3-7ff7-460d-bf08-38cbabc62695/resourceGroups/kubernetes_rg_asanton",
            "location": "westeurope",
            "name": "kubernetes_rg_asanton",
            "tags": {
              "environment": "CP2"
            },
            "timeouts": null
          },
          "sensitive_attributes": [],
          "private": "eyJlMmJmYjczMC1lY2FhLTExZTYtOGY4OC0zNDM2M2JjN2M0YzAiOnsiY3JlYXRlIjo1NDAwMDAwMDAwMDAwLCJkZWxldGUiOjU0MDAwMDAwMDAwMDAsInJlYWQiOjMwMDAwMDAwMDAwMCwidXBkYXRlIjo1NDAwMDAwMDAwMDAwfX0="
        }
      ]
    },
    {
      "mode": "managed",
      "type": "azurerm_subnet",
      "name": "mySubnet",
      "provider": "provider[\"registry.terraform.io/hashicorp/azurerm\"]",
      "instances": [
        {
          "schema_version": 0,
          "attributes": {
            "address_prefix": "10.0.1.0/24",
            "address_prefixes": [
              "10.0.1.0/24"
            ],
            "delegation": [],
            "enforce_private_link_endpoint_network_policies": false,
            "enforce_private_link_service_network_policies": false,
            "id": "/subscriptions/e9ed82d3-7ff7-460d-bf08-38cbabc62695/resourceGroups/kubernetes_rg_asanton/providers/Microsoft.Network/virtualNetworks/kubernetesnet/subnets/terraformsubnet",
            "name": "terraformsubnet",
            "resource_group_name": "kubernetes_rg_asanton",
            "service_endpoint_policy_ids": null,
            "service_endpoints": null,
            "timeouts": null,
            "virtual_network_name": "kubernetesnet"
          },
          "sensitive_attributes": [],
          "private": "eyJlMmJmYjczMC1lY2FhLTExZTYtOGY4OC0zNDM2M2JjN2M0YzAiOnsiY3JlYXRlIjoxODAwMDAwMDAwMDAwLCJkZWxldGUiOjE4MDAwMDAwMDAwMDAsInJlYWQiOjMwMDAwMDAwMDAwMCwidXBkYXRlIjoxODAwMDAwMDAwMDAwfX0=",
          "dependencies": [
            "azurerm_resource_group.rg",
            "azurerm_virtual_network.myNet"
          ]
        }
      ]
    },
    {
      "mode": "managed",
      "type": "azurerm_virtual_network",
      "name": "myNet",
      "provider": "provider[\"registry.terraform.io/hashicorp/azurerm\"]",
      "instances": [
        {
          "schema_version": 0,
          "attributes": {
            "address_space": [
              "10.0.0.0/16"
            ],
            "bgp_community": "",
            "ddos_protection_plan": [],
            "dns_servers": null,
            "guid": "33999733-7851-4caf-9fe3-e39fa4987183",
            "id": "/subscriptions/e9ed82d3-7ff7-460d-bf08-38cbabc62695/resourceGroups/kubernetes_rg_asanton/providers/Microsoft.Network/virtualNetworks/kubernetesnet",
            "location": "westeurope",
            "name": "kubernetesnet",
            "resource_group_name": "kubernetes_rg_asanton",
            "subnet": [],
            "tags": {
              "environment": "CP2"
            },
            "timeouts": null,
            "vm_protection_enabled": false
          },
          "sensitive_attributes": [],
          "private": "eyJlMmJmYjczMC1lY2FhLTExZTYtOGY4OC0zNDM2M2JjN2M0YzAiOnsiY3JlYXRlIjoxODAwMDAwMDAwMDAwLCJkZWxldGUiOjE4MDAwMDAwMDAwMDAsInJlYWQiOjMwMDAwMDAwMDAwMCwidXBkYXRlIjoxODAwMDAwMDAwMDAwfX0=",
          "dependencies": [
            "azurerm_resource_group.rg"
          ]
        }
      ]
    }
  ]
}
